
Microsoft Visual Studio Solution File, Format Version 12.00
# Visual Studio 15
VisualStudioVersion = 15.0.26228.9
MinimumVisualStudioVersion = 10.0.40219.1
Project("{2150E333-8FDC-42A3-9474-1A3956D46DE8}") = "1 - Web", "1 - Web", "{C971FA87-1A01-4CCD-A043-59B36B0C5EE8}"
EndProject
Project("{2150E333-8FDC-42A3-9474-1A3956D46DE8}") = "4 - Services", "4 - Services", "{D384D822-1CEF-48DC-92F1-3F10ECB8873A}"
EndProject
Project("{2150E333-8FDC-42A3-9474-1A3956D46DE8}") = "3 - Aplication", "3 - Aplication", "{7E371949-E31D-453F-9930-F8898E92647E}"
EndProject
Project("{2150E333-8FDC-42A3-9474-1A3956D46DE8}") = "5 - Domain", "5 - Domain", "{F20B7D1E-6A62-40DB-821B-B75D40B24B98}"
EndProject
Project("{2150E333-8FDC-42A3-9474-1A3956D46DE8}") = "6 - Infrastructure", "6 - Infrastructure", "{F8A9CBD9-EF64-41D1-B6BF-70585D705870}"
EndProject
Project("{2150E333-8FDC-42A3-9474-1A3956D46DE8}") = "6.1 - Data", "6.1 - Data", "{0CE76121-0017-4129-B726-37C30676627B}"
EndProject
Project("{2150E333-8FDC-42A3-9474-1A3956D46DE8}") = "6.2  - CrossCutting", "6.2  - CrossCutting", "{AA66CC02-DC72-4FA1-972A-088FE548A8DD}"
EndProject
Project("{FAE04EC0-301F-11D3-BF4B-00C04F79EFBC}") = "Seds.PMAS.Aplicacao", "Seds.PMAS.Aplicacao\Seds.PMAS.Aplicacao.csproj", "{57DD881C-5389-42AD-B7A2-88DEF5FBBF10}"
EndProject
Project("{FAE04EC0-301F-11D3-BF4B-00C04F79EFBC}") = "Seds.PMAS.Dominio", "Seds.PMAS.Dominio\Seds.PMAS.Dominio.csproj", "{6292D70F-4A36-464A-9A8E-8F59CAA2C21B}"
EndProject
Project("{FAE04EC0-301F-11D3-BF4B-00C04F79EFBC}") = "Seds.PMAS.Infra.Data", "Seds.PMAS.Infra.Data\Seds.PMAS.Infra.Data.csproj", "{20814B87-8445-494B-AA53-FA362FE346F5}"
EndProject
Project("{FAE04EC0-301F-11D3-BF4B-00C04F79EFBC}") = "Seds.PMAS.WebSite", "Seds.PMAS.WebSite\Seds.PMAS.WebSite.csproj", "{370DB139-85A1-4BD1-9EEA-CCAE00ACCBF7}"
EndProject
Project("{FAE04EC0-301F-11D3-BF4B-00C04F79EFBC}") = "Seds.PMAS.Dominio.Core", "Seds.PMAS.Dominio.Core\Seds.PMAS.Dominio.Core.csproj", "{318AFF8D-4A8F-457F-AC89-B3D50E6C9FAB}"
EndProject
Project("{FAE04EC0-301F-11D3-BF4B-00C04F79EFBC}") = "Seds.PMAS.Infra.CrossCutting.Bus", "Seds.PMAS.Infra.CrossCutting.Bus\Seds.PMAS.Infra.CrossCutting.Bus.csproj", "{571EED11-4334-4E66-AC71-AA7E343105F7}"
EndProject
Project("{FAE04EC0-301F-11D3-BF4B-00C04F79EFBC}") = "Seds.PMAS.Infra.CrossCutting.IoC", "Seds.PMAS.Infra.CrossCutting.IoC\Seds.PMAS.Infra.CrossCutting.IoC.csproj", "{23940471-44AF-4308-8FA1-9B29FFBD2FC0}"
EndProject
Project("{2150E333-8FDC-42A3-9474-1A3956D46DE8}") = "2 - WebApi", "2 - WebApi", "{18549EC6-CB77-4E12-834A-08E0D63AB29C}"
EndProject
Project("{FAE04EC0-301F-11D3-BF4B-00C04F79EFBC}") = "Seds.PMAS.Web", "Seds.PMAS.Web\Seds.PMAS.Web.csproj", "{1DEE9CFC-395B-4B76-9692-358735811A73}"
EndProject
Project("{FAE04EC0-301F-11D3-BF4B-00C04F79EFBC}") = "Seds.PMAS.AngularJs", "Seds.PMAS.AngularJs\Seds.PMAS.AngularJs.csproj", "{3AE13493-5E3A-4DF8-BB99-9E96768CB700}"
EndProject
Project("{2150E333-8FDC-42A3-9474-1A3956D46DE8}") = ".nuget", ".nuget", "{54F59EEF-138A-4AFC-B195-83BD66757747}"
EndProject
Project("{FAE04EC0-301F-11D3-BF4B-00C04F79EFBC}") = "Seds.PMAS.WebApi.Client", "Seds.PMAS.WebApi.Client\Seds.PMAS.WebApi.Client.csproj", "{BA4A1340-E3FD-4323-B9DA-612DC9C4642A}"
EndProject
Project("{FAE04EC0-301F-11D3-BF4B-00C04F79EFBC}") = "Seds.PMAS.Common", "Seds.PMAS.Commom\Seds.PMAS.Common.csproj", "{E8DBFD3F-E09F-4EE1-BB5A-046E97C196B8}"
EndProject
Project("{FAE04EC0-301F-11D3-BF4B-00C04F79EFBC}") = "Seds.PMAS.Api", "Seds.PMAS.Api\Seds.PMAS.Api.csproj", "{1796D1EE-9907-462D-A95C-D9DBB103853D}"
EndProject
Project("{FAE04EC0-301F-11D3-BF4B-00C04F79EFBC}") = "Seds.PMAS.Infra.CrossCutting.Startup", "Seds.PMAS.Infra.CrossCutting.Startup\Seds.PMAS.Infra.CrossCutting.Startup.csproj", "{D1DD2F2C-4221-49DE-9319-80D58A88ACDD}"
EndProject
Global
	GlobalSection(SolutionConfigurationPlatforms) = preSolution
		Debug|Any CPU = Debug|Any CPU
		Release|Any CPU = Release|Any CPU
	EndGlobalSection
	GlobalSection(ProjectConfigurationPlatforms) = postSolution
		{57DD881C-5389-42AD-B7A2-88DEF5FBBF10}.Debug|Any CPU.ActiveCfg = Debug|Any CPU
		{57DD881C-5389-42AD-B7A2-88DEF5FBBF10}.Debug|Any CPU.Build.0 = Debug|Any CPU
		{57DD881C-5389-42AD-B7A2-88DEF5FBBF10}.Release|Any CPU.ActiveCfg = Release|Any CPU
		{57DD881C-5389-42AD-B7A2-88DEF5FBBF10}.Release|Any CPU.Build.0 = Release|Any CPU
		{6292D70F-4A36-464A-9A8E-8F59CAA2C21B}.Debug|Any CPU.ActiveCfg = Debug|Any CPU
		{6292D70F-4A36-464A-9A8E-8F59CAA2C21B}.Debug|Any CPU.Build.0 = Debug|Any CPU
		{6292D70F-4A36-464A-9A8E-8F59CAA2C21B}.Release|Any CPU.ActiveCfg = Release|Any CPU
		{6292D70F-4A36-464A-9A8E-8F59CAA2C21B}.Release|Any CPU.Build.0 = Release|Any CPU
		{20814B87-8445-494B-AA53-FA362FE346F5}.Debug|Any CPU.ActiveCfg = Debug|Any CPU
		{20814B87-8445-494B-AA53-FA362FE346F5}.Debug|Any CPU.Build.0 = Debug|Any CPU
		{20814B87-8445-494B-AA53-FA362FE346F5}.Release|Any CPU.ActiveCfg = Release|Any CPU
		{20814B87-8445-494B-AA53-FA362FE346F5}.Release|Any CPU.Build.0 = Release|Any CPU
		{370DB139-85A1-4BD1-9EEA-CCAE00ACCBF7}.Debug|Any CPU.ActiveCfg = Debug|Any CPU
		{370DB139-85A1-4BD1-9EEA-CCAE00ACCBF7}.Debug|Any CPU.Build.0 = Debug|Any CPU
		{370DB139-85A1-4BD1-9EEA-CCAE00ACCBF7}.Release|Any CPU.ActiveCfg = Release|Any CPU
		{370DB139-85A1-4BD1-9EEA-CCAE00ACCBF7}.Release|Any CPU.Build.0 = Release|Any CPU
		{318AFF8D-4A8F-457F-AC89-B3D50E6C9FAB}.Debug|Any CPU.ActiveCfg = Debug|Any CPU
		{318AFF8D-4A8F-457F-AC89-B3D50E6C9FAB}.Debug|Any CPU.Build.0 = Debug|Any CPU
		{318AFF8D-4A8F-457F-AC89-B3D50E6C9FAB}.Release|Any CPU.ActiveCfg = Release|Any CPU
		{318AFF8D-4A8F-457F-AC89-B3D50E6C9FAB}.Release|Any CPU.Build.0 = Release|Any CPU
		{571EED11-4334-4E66-AC71-AA7E343105F7}.Debug|Any CPU.ActiveCfg = Debug|Any CPU
		{571EED11-4334-4E66-AC71-AA7E343105F7}.Debug|Any CPU.Build.0 = Debug|Any CPU
		{571EED11-4334-4E66-AC71-AA7E343105F7}.Release|Any CPU.ActiveCfg = Release|Any CPU
		{571EED11-4334-4E66-AC71-AA7E343105F7}.Release|Any CPU.Build.0 = Release|Any CPU
		{23940471-44AF-4308-8FA1-9B29FFBD2FC0}.Debug|Any CPU.ActiveCfg = Debug|Any CPU
		{23940471-44AF-4308-8FA1-9B29FFBD2FC0}.Debug|Any CPU.Build.0 = Debug|Any CPU
		{23940471-44AF-4308-8FA1-9B29FFBD2FC0}.Release|Any CPU.ActiveCfg = Release|Any CPU
		{23940471-44AF-4308-8FA1-9B29FFBD2FC0}.Release|Any CPU.Build.0 = Release|Any CPU
		{1DEE9CFC-395B-4B76-9692-358735811A73}.Debug|Any CPU.ActiveCfg = Debug|Any CPU
		{1DEE9CFC-395B-4B76-9692-358735811A73}.Debug|Any CPU.Build.0 = Debug|Any CPU
		{1DEE9CFC-395B-4B76-9692-358735811A73}.Release|Any CPU.ActiveCfg = Release|Any CPU
		{1DEE9CFC-395B-4B76-9692-358735811A73}.Release|Any CPU.Build.0 = Release|Any CPU
		{3AE13493-5E3A-4DF8-BB99-9E96768CB700}.Debug|Any CPU.ActiveCfg = Debug|Any CPU
		{3AE13493-5E3A-4DF8-BB99-9E96768CB700}.Debug|Any CPU.Build.0 = Debug|Any CPU
		{3AE13493-5E3A-4DF8-BB99-9E96768CB700}.Release|Any CPU.ActiveCfg = Release|Any CPU
		{3AE13493-5E3A-4DF8-BB99-9E96768CB700}.Release|Any CPU.Build.0 = Release|Any CPU
		{BA4A1340-E3FD-4323-B9DA-612DC9C4642A}.Debug|Any CPU.ActiveCfg = Debug|Any CPU
		{BA4A1340-E3FD-4323-B9DA-612DC9C4642A}.Debug|Any CPU.Build.0 = Debug|Any CPU
		{BA4A1340-E3FD-4323-B9DA-612DC9C4642A}.Release|Any CPU.ActiveCfg = Release|Any CPU
		{BA4A1340-E3FD-4323-B9DA-612DC9C4642A}.Release|Any CPU.Build.0 = Release|Any CPU
		{E8DBFD3F-E09F-4EE1-BB5A-046E97C196B8}.Debug|Any CPU.ActiveCfg = Debug|Any CPU
		{E8DBFD3F-E09F-4EE1-BB5A-046E97C196B8}.Debug|Any CPU.Build.0 = Debug|Any CPU
		{E8DBFD3F-E09F-4EE1-BB5A-046E97C196B8}.Release|Any CPU.ActiveCfg = Release|Any CPU
		{E8DBFD3F-E09F-4EE1-BB5A-046E97C196B8}.Release|Any CPU.Build.0 = Release|Any CPU
		{1796D1EE-9907-462D-A95C-D9DBB103853D}.Debug|Any CPU.ActiveCfg = Debug|Any CPU
		{1796D1EE-9907-462D-A95C-D9DBB103853D}.Debug|Any CPU.Build.0 = Debug|Any CPU
		{1796D1EE-9907-462D-A95C-D9DBB103853D}.Release|Any CPU.ActiveCfg = Release|Any CPU
		{1796D1EE-9907-462D-A95C-D9DBB103853D}.Release|Any CPU.Build.0 = Release|Any CPU
		{D1DD2F2C-4221-49DE-9319-80D58A88ACDD}.Debug|Any CPU.ActiveCfg = Debug|Any CPU
		{D1DD2F2C-4221-49DE-9319-80D58A88ACDD}.Debug|Any CPU.Build.0 = Debug|Any CPU
		{D1DD2F2C-4221-49DE-9319-80D58A88ACDD}.Release|Any CPU.ActiveCfg = Release|Any CPU
		{D1DD2F2C-4221-49DE-9319-80D58A88ACDD}.Release|Any CPU.Build.0 = Release|Any CPU
	EndGlobalSection
	GlobalSection(SolutionProperties) = preSolution
		HideSolutionNode = FALSE
	EndGlobalSection
	GlobalSection(NestedProjects) = preSolution
		{0CE76121-0017-4129-B726-37C30676627B} = {F8A9CBD9-EF64-41D1-B6BF-70585D705870}
		{AA66CC02-DC72-4FA1-972A-088FE548A8DD} = {F8A9CBD9-EF64-41D1-B6BF-70585D705870}
		{57DD881C-5389-42AD-B7A2-88DEF5FBBF10} = {7E371949-E31D-453F-9930-F8898E92647E}
		{6292D70F-4A36-464A-9A8E-8F59CAA2C21B} = {F20B7D1E-6A62-40DB-821B-B75D40B24B98}
		{20814B87-8445-494B-AA53-FA362FE346F5} = {0CE76121-0017-4129-B726-37C30676627B}
		{370DB139-85A1-4BD1-9EEA-CCAE00ACCBF7} = {C971FA87-1A01-4CCD-A043-59B36B0C5EE8}
		{318AFF8D-4A8F-457F-AC89-B3D50E6C9FAB} = {F20B7D1E-6A62-40DB-821B-B75D40B24B98}
		{571EED11-4334-4E66-AC71-AA7E343105F7} = {AA66CC02-DC72-4FA1-972A-088FE548A8DD}
		{23940471-44AF-4308-8FA1-9B29FFBD2FC0} = {AA66CC02-DC72-4FA1-972A-088FE548A8DD}
		{1DEE9CFC-395B-4B76-9692-358735811A73} = {C971FA87-1A01-4CCD-A043-59B36B0C5EE8}
		{3AE13493-5E3A-4DF8-BB99-9E96768CB700} = {C971FA87-1A01-4CCD-A043-59B36B0C5EE8}
		{BA4A1340-E3FD-4323-B9DA-612DC9C4642A} = {18549EC6-CB77-4E12-834A-08E0D63AB29C}
		{E8DBFD3F-E09F-4EE1-BB5A-046E97C196B8} = {7E371949-E31D-453F-9930-F8898E92647E}
		{1796D1EE-9907-462D-A95C-D9DBB103853D} = {18549EC6-CB77-4E12-834A-08E0D63AB29C}
		{D1DD2F2C-4221-49DE-9319-80D58A88ACDD} = {AA66CC02-DC72-4FA1-972A-088FE548A8DD}
	EndGlobalSection
EndGlobal
