
Microsoft Visual Studio Solution File, Format Version 12.00
# Visual Studio 2012
Project("{2150E333-8FDC-42A3-9474-1A3956D46DE8}") = "2- Dominio", "2- Dominio", "{72D5B0BB-1A09-405A-8D88-6D8F8D846F88}"
EndProject
Project("{2150E333-8FDC-42A3-9474-1A3956D46DE8}") = "3- Infraestrutura", "3- Infraestrutura", "{55DC8F2F-63E5-445A-BE8F-A743315E704E}"
EndProject
Project("{2150E333-8FDC-42A3-9474-1A3956D46DE8}") = "1- Aplicacao", "1- Aplicacao", "{28DA2EC4-029D-413B-9EFD-0200B03088B8}"
EndProject
Project("{2150E333-8FDC-42A3-9474-1A3956D46DE8}") = "Servicos", "Servicos", "{B22DF301-044C-45C6-90F7-C3ED6914FB3B}"
EndProject
Project("{2150E333-8FDC-42A3-9474-1A3956D46DE8}") = "Reports", "Reports", "{9106E91F-5552-488A-BDD7-FDC772FBDB09}"
EndProject
Project("{2150E333-8FDC-42A3-9474-1A3956D46DE8}") = "Documentacao", "Documentacao", "{74212EF4-8231-4F83-A670-F9BC05A91A47}"
EndProject
Project("{FAE04EC0-301F-11D3-BF4B-00C04F79EFBC}") = "Seds.PMAS.QUADRIENAL.UI.Web", "Seds.PMAS.QUADRIENAL.UI.Web\Seds.PMAS.QUADRIENAL.UI.Web.csproj", "{195F5FF3-97AE-4451-8326-C40EB71F8566}"
EndProject
Project("{FAE04EC0-301F-11D3-BF4B-00C04F79EFBC}") = "Seds.PMAS.QUADRIENAL.Entidades", "Seds.PMAS.QUADRIENAL.Entidades\Seds.PMAS.QUADRIENAL.Entidades.csproj", "{2CEB2E6E-83B9-4E12-8995-6B58A7607F87}"
EndProject
Project("{FAE04EC0-301F-11D3-BF4B-00C04F79EFBC}") = "Seds.PMAS.QUADRIENAL.Persistencia", "Seds.PMAS.QUADRIENAL.Persistencia\Seds.PMAS.QUADRIENAL.Persistencia.csproj", "{686F30B7-608B-4E9E-8354-68EC54CD52F3}"
EndProject
Project("{FAE04EC0-301F-11D3-BF4B-00C04F79EFBC}") = "Seds.PMAS.QUADRIENAL.UI.Processos", "Seds.PMAS.QUADRIENAL.Processos\Seds.PMAS.QUADRIENAL.UI.Processos.csproj", "{2EE39BDA-144D-496C-9737-ACD1B56BC4CA}"
EndProject
Project("{FAE04EC0-301F-11D3-BF4B-00C04F79EFBC}") = "Seds.PMAS.QUADRIENAL.Servicos", "Seds.PMAS.QUADRIENAL.Servicos\Seds.PMAS.QUADRIENAL.Servicos.csproj", "{3C00CB7D-B4E4-4F09-AA6D-CE68662D19AD}"
EndProject
Project("{FAE04EC0-301F-11D3-BF4B-00C04F79EFBC}") = "Seds.PMAS.QUADRIENAL.Servicos.Contratos", "Seds.PMAS.QUADRIENAL.Servicos.Contratos\Seds.PMAS.QUADRIENAL.Servicos.Contratos.csproj", "{D5445516-9344-4C6F-9081-BD2F412FBC9B}"
EndProject
Project("{FAE04EC0-301F-11D3-BF4B-00C04F79EFBC}") = "Seds.PMAS.QUADRIENAL.Persistencia.Repositorio", "Seds.PMAS.QUADRIENAL.Persistencia.Repositorio\Seds.PMAS.QUADRIENAL.Persistencia.Repositorio.csproj", "{BF085AFF-AE9B-46EA-9574-0A810A613697}"
EndProject
Project("{FAE04EC0-301F-11D3-BF4B-00C04F79EFBC}") = "Seds.PMAS.QUADRIENAL.Negocio", "Seds.PMAS.QUADRIENAL.Negocio\Seds.PMAS.QUADRIENAL.Negocio.csproj", "{D3E84FEE-80FD-476B-B07F-65636094995D}"
EndProject
Project("{FAE04EC0-301F-11D3-BF4B-00C04F79EFBC}") = "Seds.PMAS.QUADRIENAL.Negocio.Validadores", "Seds.PMAS.QUADRIENAL.Negocio.Validadores\Seds.PMAS.QUADRIENAL.Negocio.Validadores.csproj", "{858694AA-C5A5-44AF-A983-2A24EC176028}"
EndProject
Project("{2150E333-8FDC-42A3-9474-1A3956D46DE8}") = "Teste", "Teste", "{1ADC2F9E-B88B-42CC-BCC0-CA4A49B171BB}"
EndProject
Project("{FAE04EC0-301F-11D3-BF4B-00C04F79EFBC}") = "Seds.PMAS.QUADRIENAL.Testes", "Seds.PMAS.QUADRIENAL.Testes\Seds.PMAS.QUADRIENAL.Testes.csproj", "{2E694997-05B7-48C1-927F-98D7436017AA}"
EndProject
Project("{2150E333-8FDC-42A3-9474-1A3956D46DE8}") = ".nuget", ".nuget", "{08708007-8D2E-4652-BC75-094AE018A170}"
EndProject
Project("{F14B399A-7131-4C87-9E4B-1186C45EF12D}") = "Seds.PMAS.QUADRIENAL.Impressao", "Seds.PMAS.QUADRIENAL.Impressao\Seds.PMAS.QUADRIENAL.Impressao.rptproj", "{D7D54382-FE80-4EDF-8A9D-2FBAC1CF2071}"
EndProject
Project("{2150E333-8FDC-42A3-9474-1A3956D46DE8}") = "ControleAcesso", "ControleAcesso", "{8DB59569-CAEF-4015-89A9-EABDC15226DB}"
EndProject
Project("{FAE04EC0-301F-11D3-BF4B-00C04F79EFBC}") = "Seds.PMAS.QUADRIENAL.Controleacesso", "Seds.PMAS.QUADRIENAL.ControleAcesso\Seds.PMAS.QUADRIENAL.Controleacesso.csproj", "{5AF1B5F1-FBE2-454A-B4F6-6ED1E123E9E2}"
EndProject
Project("{FAE04EC0-301F-11D3-BF4B-00C04F79EFBC}") = "Seds.PMAS.QUADRIENAL.Sessao", "Seds.PMAS.QUADRIENAL.Sessao\Seds.PMAS.QUADRIENAL.Sessao.csproj", "{6F43C4EA-B4F6-4A20-8B25-649A822237F4}"
EndProject
Project("{FAE04EC0-301F-11D3-BF4B-00C04F79EFBC}") = "Seds.PMAS.QUADRIENAL.Resources", "Seds.PMAS.QUADRIENAL.Resources\Seds.PMAS.QUADRIENAL.Resources.csproj", "{EFCD55C6-35DB-4FD1-BA71-A84212AACA36}"
EndProject
Project("{FAE04EC0-301F-11D3-BF4B-00C04F79EFBC}") = "Seds.PMAS.QUADRIENAL.Negocio.Pendencia", "Seds.PMAS.QUADRIENAL.Negocio.Pendencia\Seds.PMAS.QUADRIENAL.Negocio.Pendencia.csproj", "{84C88F58-9294-4248-9CF7-0E95888637C7}"
EndProject
Project("{FAE04EC0-301F-11D3-BF4B-00C04F79EFBC}") = "Seds.PMAS.QUADRIENAL.UI.Facade", "Seds.PMAS.QUADRIENAL.UI.Facade\Seds.PMAS.QUADRIENAL.UI.Facade.csproj", "{7559B3F1-F932-4614-984D-1D26CBA1AE7B}"
EndProject
Project("{2150E333-8FDC-42A3-9474-1A3956D46DE8}") = "Crosscutting", "Crosscutting", "{C1F5E8A9-7752-452D-9033-4A5807F0FD7E}"
EndProject
Project("{2150E333-8FDC-42A3-9474-1A3956D46DE8}") = "Seguranca", "Seguranca", "{A2649669-0304-4A49-BA4C-DCB1F28C466E}"
EndProject
Project("{2150E333-8FDC-42A3-9474-1A3956D46DE8}") = "DataQuerys", "DataQuerys", "{87D09EC0-B130-425C-BA23-CC0464DD8EA3}"
EndProject
Project("{2150E333-8FDC-42A3-9474-1A3956D46DE8}") = "Model", "Model", "{4844724E-3F2A-4FC9-BBFC-0C7447D3ED7F}"
EndProject
Project("{2150E333-8FDC-42A3-9474-1A3956D46DE8}") = "Negocio", "Negocio", "{3D1C2CE5-CB4A-447E-85D4-700B76B0D455}"
EndProject
Global
	GlobalSection(SolutionConfigurationPlatforms) = preSolution
		Debug|Any CPU = Debug|Any CPU
		Debug|Mixed Platforms = Debug|Mixed Platforms
		Debug|x86 = Debug|x86
		DebugLocal|Any CPU = DebugLocal|Any CPU
		DebugLocal|Mixed Platforms = DebugLocal|Mixed Platforms
		DebugLocal|x86 = DebugLocal|x86
		Production|Any CPU = Production|Any CPU
		Production|Mixed Platforms = Production|Mixed Platforms
		Production|x86 = Production|x86
		Release|Any CPU = Release|Any CPU
		Release|Mixed Platforms = Release|Mixed Platforms
		Release|x86 = Release|x86
	EndGlobalSection
	GlobalSection(ProjectConfigurationPlatforms) = postSolution
		{195F5FF3-97AE-4451-8326-C40EB71F8566}.Debug|Any CPU.ActiveCfg = Debug|Any CPU
		{195F5FF3-97AE-4451-8326-C40EB71F8566}.Debug|Any CPU.Build.0 = Debug|Any CPU
		{195F5FF3-97AE-4451-8326-C40EB71F8566}.Debug|Mixed Platforms.ActiveCfg = Debug|Any CPU
		{195F5FF3-97AE-4451-8326-C40EB71F8566}.Debug|Mixed Platforms.Build.0 = Debug|Any CPU
		{195F5FF3-97AE-4451-8326-C40EB71F8566}.Debug|x86.ActiveCfg = Debug|Any CPU
		{195F5FF3-97AE-4451-8326-C40EB71F8566}.DebugLocal|Any CPU.ActiveCfg = Debug|Any CPU
		{195F5FF3-97AE-4451-8326-C40EB71F8566}.DebugLocal|Any CPU.Build.0 = Debug|Any CPU
		{195F5FF3-97AE-4451-8326-C40EB71F8566}.DebugLocal|Mixed Platforms.ActiveCfg = Debug|Any CPU
		{195F5FF3-97AE-4451-8326-C40EB71F8566}.DebugLocal|Mixed Platforms.Build.0 = Debug|Any CPU
		{195F5FF3-97AE-4451-8326-C40EB71F8566}.DebugLocal|x86.ActiveCfg = Debug|Any CPU
		{195F5FF3-97AE-4451-8326-C40EB71F8566}.Production|Any CPU.ActiveCfg = Release|Any CPU
		{195F5FF3-97AE-4451-8326-C40EB71F8566}.Production|Any CPU.Build.0 = Release|Any CPU
		{195F5FF3-97AE-4451-8326-C40EB71F8566}.Production|Mixed Platforms.ActiveCfg = Release|Any CPU
		{195F5FF3-97AE-4451-8326-C40EB71F8566}.Production|Mixed Platforms.Build.0 = Release|Any CPU
		{195F5FF3-97AE-4451-8326-C40EB71F8566}.Production|x86.ActiveCfg = Release|Any CPU
		{195F5FF3-97AE-4451-8326-C40EB71F8566}.Release|Any CPU.ActiveCfg = Release|Any CPU
		{195F5FF3-97AE-4451-8326-C40EB71F8566}.Release|Any CPU.Build.0 = Release|Any CPU
		{195F5FF3-97AE-4451-8326-C40EB71F8566}.Release|Mixed Platforms.ActiveCfg = Release|Any CPU
		{195F5FF3-97AE-4451-8326-C40EB71F8566}.Release|Mixed Platforms.Build.0 = Release|Any CPU
		{195F5FF3-97AE-4451-8326-C40EB71F8566}.Release|x86.ActiveCfg = Release|Any CPU
		{2CEB2E6E-83B9-4E12-8995-6B58A7607F87}.Debug|Any CPU.ActiveCfg = Debug|Any CPU
		{2CEB2E6E-83B9-4E12-8995-6B58A7607F87}.Debug|Any CPU.Build.0 = Debug|Any CPU
		{2CEB2E6E-83B9-4E12-8995-6B58A7607F87}.Debug|Mixed Platforms.ActiveCfg = Debug|Any CPU
		{2CEB2E6E-83B9-4E12-8995-6B58A7607F87}.Debug|Mixed Platforms.Build.0 = Debug|Any CPU
		{2CEB2E6E-83B9-4E12-8995-6B58A7607F87}.Debug|x86.ActiveCfg = Debug|Any CPU
		{2CEB2E6E-83B9-4E12-8995-6B58A7607F87}.DebugLocal|Any CPU.ActiveCfg = Debug|Any CPU
		{2CEB2E6E-83B9-4E12-8995-6B58A7607F87}.DebugLocal|Any CPU.Build.0 = Debug|Any CPU
		{2CEB2E6E-83B9-4E12-8995-6B58A7607F87}.DebugLocal|Mixed Platforms.ActiveCfg = Debug|Any CPU
		{2CEB2E6E-83B9-4E12-8995-6B58A7607F87}.DebugLocal|Mixed Platforms.Build.0 = Debug|Any CPU
		{2CEB2E6E-83B9-4E12-8995-6B58A7607F87}.DebugLocal|x86.ActiveCfg = Debug|Any CPU
		{2CEB2E6E-83B9-4E12-8995-6B58A7607F87}.Production|Any CPU.ActiveCfg = Release|Any CPU
		{2CEB2E6E-83B9-4E12-8995-6B58A7607F87}.Production|Any CPU.Build.0 = Release|Any CPU
		{2CEB2E6E-83B9-4E12-8995-6B58A7607F87}.Production|Mixed Platforms.ActiveCfg = Release|Any CPU
		{2CEB2E6E-83B9-4E12-8995-6B58A7607F87}.Production|Mixed Platforms.Build.0 = Release|Any CPU
		{2CEB2E6E-83B9-4E12-8995-6B58A7607F87}.Production|x86.ActiveCfg = Release|Any CPU
		{2CEB2E6E-83B9-4E12-8995-6B58A7607F87}.Release|Any CPU.ActiveCfg = Release|Any CPU
		{2CEB2E6E-83B9-4E12-8995-6B58A7607F87}.Release|Any CPU.Build.0 = Release|Any CPU
		{2CEB2E6E-83B9-4E12-8995-6B58A7607F87}.Release|Mixed Platforms.ActiveCfg = Release|Any CPU
		{2CEB2E6E-83B9-4E12-8995-6B58A7607F87}.Release|Mixed Platforms.Build.0 = Release|Any CPU
		{2CEB2E6E-83B9-4E12-8995-6B58A7607F87}.Release|x86.ActiveCfg = Release|Any CPU
		{686F30B7-608B-4E9E-8354-68EC54CD52F3}.Debug|Any CPU.ActiveCfg = Debug|Any CPU
		{686F30B7-608B-4E9E-8354-68EC54CD52F3}.Debug|Any CPU.Build.0 = Debug|Any CPU
		{686F30B7-608B-4E9E-8354-68EC54CD52F3}.Debug|Mixed Platforms.ActiveCfg = Debug|Any CPU
		{686F30B7-608B-4E9E-8354-68EC54CD52F3}.Debug|Mixed Platforms.Build.0 = Debug|Any CPU
		{686F30B7-608B-4E9E-8354-68EC54CD52F3}.Debug|x86.ActiveCfg = Debug|Any CPU
		{686F30B7-608B-4E9E-8354-68EC54CD52F3}.DebugLocal|Any CPU.ActiveCfg = Debug|Any CPU
		{686F30B7-608B-4E9E-8354-68EC54CD52F3}.DebugLocal|Any CPU.Build.0 = Debug|Any CPU
		{686F30B7-608B-4E9E-8354-68EC54CD52F3}.DebugLocal|Mixed Platforms.ActiveCfg = Debug|Any CPU
		{686F30B7-608B-4E9E-8354-68EC54CD52F3}.DebugLocal|Mixed Platforms.Build.0 = Debug|Any CPU
		{686F30B7-608B-4E9E-8354-68EC54CD52F3}.DebugLocal|x86.ActiveCfg = Debug|Any CPU
		{686F30B7-608B-4E9E-8354-68EC54CD52F3}.Production|Any CPU.ActiveCfg = Release|Any CPU
		{686F30B7-608B-4E9E-8354-68EC54CD52F3}.Production|Any CPU.Build.0 = Release|Any CPU
		{686F30B7-608B-4E9E-8354-68EC54CD52F3}.Production|Mixed Platforms.ActiveCfg = Release|Any CPU
		{686F30B7-608B-4E9E-8354-68EC54CD52F3}.Production|Mixed Platforms.Build.0 = Release|Any CPU
		{686F30B7-608B-4E9E-8354-68EC54CD52F3}.Production|x86.ActiveCfg = Release|Any CPU
		{686F30B7-608B-4E9E-8354-68EC54CD52F3}.Release|Any CPU.ActiveCfg = Release|Any CPU
		{686F30B7-608B-4E9E-8354-68EC54CD52F3}.Release|Any CPU.Build.0 = Release|Any CPU
		{686F30B7-608B-4E9E-8354-68EC54CD52F3}.Release|Mixed Platforms.ActiveCfg = Release|Any CPU
		{686F30B7-608B-4E9E-8354-68EC54CD52F3}.Release|Mixed Platforms.Build.0 = Release|Any CPU
		{686F30B7-608B-4E9E-8354-68EC54CD52F3}.Release|x86.ActiveCfg = Release|Any CPU
		{2EE39BDA-144D-496C-9737-ACD1B56BC4CA}.Debug|Any CPU.ActiveCfg = Debug|Any CPU
		{2EE39BDA-144D-496C-9737-ACD1B56BC4CA}.Debug|Any CPU.Build.0 = Debug|Any CPU
		{2EE39BDA-144D-496C-9737-ACD1B56BC4CA}.Debug|Mixed Platforms.ActiveCfg = Debug|Any CPU
		{2EE39BDA-144D-496C-9737-ACD1B56BC4CA}.Debug|Mixed Platforms.Build.0 = Debug|Any CPU
		{2EE39BDA-144D-496C-9737-ACD1B56BC4CA}.Debug|x86.ActiveCfg = Debug|Any CPU
		{2EE39BDA-144D-496C-9737-ACD1B56BC4CA}.DebugLocal|Any CPU.ActiveCfg = Debug|Any CPU
		{2EE39BDA-144D-496C-9737-ACD1B56BC4CA}.DebugLocal|Any CPU.Build.0 = Debug|Any CPU
		{2EE39BDA-144D-496C-9737-ACD1B56BC4CA}.DebugLocal|Mixed Platforms.ActiveCfg = Debug|Any CPU
		{2EE39BDA-144D-496C-9737-ACD1B56BC4CA}.DebugLocal|Mixed Platforms.Build.0 = Debug|Any CPU
		{2EE39BDA-144D-496C-9737-ACD1B56BC4CA}.DebugLocal|x86.ActiveCfg = Debug|Any CPU
		{2EE39BDA-144D-496C-9737-ACD1B56BC4CA}.Production|Any CPU.ActiveCfg = Release|Any CPU
		{2EE39BDA-144D-496C-9737-ACD1B56BC4CA}.Production|Any CPU.Build.0 = Release|Any CPU
		{2EE39BDA-144D-496C-9737-ACD1B56BC4CA}.Production|Mixed Platforms.ActiveCfg = Release|Any CPU
		{2EE39BDA-144D-496C-9737-ACD1B56BC4CA}.Production|Mixed Platforms.Build.0 = Release|Any CPU
		{2EE39BDA-144D-496C-9737-ACD1B56BC4CA}.Production|x86.ActiveCfg = Release|Any CPU
		{2EE39BDA-144D-496C-9737-ACD1B56BC4CA}.Release|Any CPU.ActiveCfg = Release|Any CPU
		{2EE39BDA-144D-496C-9737-ACD1B56BC4CA}.Release|Any CPU.Build.0 = Release|Any CPU
		{2EE39BDA-144D-496C-9737-ACD1B56BC4CA}.Release|Mixed Platforms.ActiveCfg = Release|Any CPU
		{2EE39BDA-144D-496C-9737-ACD1B56BC4CA}.Release|Mixed Platforms.Build.0 = Release|Any CPU
		{2EE39BDA-144D-496C-9737-ACD1B56BC4CA}.Release|x86.ActiveCfg = Release|Any CPU
		{3C00CB7D-B4E4-4F09-AA6D-CE68662D19AD}.Debug|Any CPU.ActiveCfg = Debug|Any CPU
		{3C00CB7D-B4E4-4F09-AA6D-CE68662D19AD}.Debug|Any CPU.Build.0 = Debug|Any CPU
		{3C00CB7D-B4E4-4F09-AA6D-CE68662D19AD}.Debug|Mixed Platforms.ActiveCfg = Debug|Any CPU
		{3C00CB7D-B4E4-4F09-AA6D-CE68662D19AD}.Debug|Mixed Platforms.Build.0 = Debug|Any CPU
		{3C00CB7D-B4E4-4F09-AA6D-CE68662D19AD}.Debug|x86.ActiveCfg = Debug|Any CPU
		{3C00CB7D-B4E4-4F09-AA6D-CE68662D19AD}.DebugLocal|Any CPU.ActiveCfg = Debug|Any CPU
		{3C00CB7D-B4E4-4F09-AA6D-CE68662D19AD}.DebugLocal|Any CPU.Build.0 = Debug|Any CPU
		{3C00CB7D-B4E4-4F09-AA6D-CE68662D19AD}.DebugLocal|Mixed Platforms.ActiveCfg = Debug|Any CPU
		{3C00CB7D-B4E4-4F09-AA6D-CE68662D19AD}.DebugLocal|Mixed Platforms.Build.0 = Debug|Any CPU
		{3C00CB7D-B4E4-4F09-AA6D-CE68662D19AD}.DebugLocal|x86.ActiveCfg = Debug|Any CPU
		{3C00CB7D-B4E4-4F09-AA6D-CE68662D19AD}.Production|Any CPU.ActiveCfg = Release|Any CPU
		{3C00CB7D-B4E4-4F09-AA6D-CE68662D19AD}.Production|Any CPU.Build.0 = Release|Any CPU
		{3C00CB7D-B4E4-4F09-AA6D-CE68662D19AD}.Production|Mixed Platforms.ActiveCfg = Release|Any CPU
		{3C00CB7D-B4E4-4F09-AA6D-CE68662D19AD}.Production|Mixed Platforms.Build.0 = Release|Any CPU
		{3C00CB7D-B4E4-4F09-AA6D-CE68662D19AD}.Production|x86.ActiveCfg = Release|Any CPU
		{3C00CB7D-B4E4-4F09-AA6D-CE68662D19AD}.Release|Any CPU.ActiveCfg = Release|Any CPU
		{3C00CB7D-B4E4-4F09-AA6D-CE68662D19AD}.Release|Any CPU.Build.0 = Release|Any CPU
		{3C00CB7D-B4E4-4F09-AA6D-CE68662D19AD}.Release|Mixed Platforms.ActiveCfg = Release|Any CPU
		{3C00CB7D-B4E4-4F09-AA6D-CE68662D19AD}.Release|Mixed Platforms.Build.0 = Release|Any CPU
		{3C00CB7D-B4E4-4F09-AA6D-CE68662D19AD}.Release|x86.ActiveCfg = Release|Any CPU
		{D5445516-9344-4C6F-9081-BD2F412FBC9B}.Debug|Any CPU.ActiveCfg = Debug|Any CPU
		{D5445516-9344-4C6F-9081-BD2F412FBC9B}.Debug|Any CPU.Build.0 = Debug|Any CPU
		{D5445516-9344-4C6F-9081-BD2F412FBC9B}.Debug|Mixed Platforms.ActiveCfg = Debug|Any CPU
		{D5445516-9344-4C6F-9081-BD2F412FBC9B}.Debug|Mixed Platforms.Build.0 = Debug|Any CPU
		{D5445516-9344-4C6F-9081-BD2F412FBC9B}.Debug|x86.ActiveCfg = Debug|Any CPU
		{D5445516-9344-4C6F-9081-BD2F412FBC9B}.DebugLocal|Any CPU.ActiveCfg = Debug|Any CPU
		{D5445516-9344-4C6F-9081-BD2F412FBC9B}.DebugLocal|Any CPU.Build.0 = Debug|Any CPU
		{D5445516-9344-4C6F-9081-BD2F412FBC9B}.DebugLocal|Mixed Platforms.ActiveCfg = Debug|Any CPU
		{D5445516-9344-4C6F-9081-BD2F412FBC9B}.DebugLocal|Mixed Platforms.Build.0 = Debug|Any CPU
		{D5445516-9344-4C6F-9081-BD2F412FBC9B}.DebugLocal|x86.ActiveCfg = Debug|Any CPU
		{D5445516-9344-4C6F-9081-BD2F412FBC9B}.Production|Any CPU.ActiveCfg = Release|Any CPU
		{D5445516-9344-4C6F-9081-BD2F412FBC9B}.Production|Any CPU.Build.0 = Release|Any CPU
		{D5445516-9344-4C6F-9081-BD2F412FBC9B}.Production|Mixed Platforms.ActiveCfg = Release|Any CPU
		{D5445516-9344-4C6F-9081-BD2F412FBC9B}.Production|Mixed Platforms.Build.0 = Release|Any CPU
		{D5445516-9344-4C6F-9081-BD2F412FBC9B}.Production|x86.ActiveCfg = Release|Any CPU
		{D5445516-9344-4C6F-9081-BD2F412FBC9B}.Release|Any CPU.ActiveCfg = Release|Any CPU
		{D5445516-9344-4C6F-9081-BD2F412FBC9B}.Release|Any CPU.Build.0 = Release|Any CPU
		{D5445516-9344-4C6F-9081-BD2F412FBC9B}.Release|Mixed Platforms.ActiveCfg = Release|Any CPU
		{D5445516-9344-4C6F-9081-BD2F412FBC9B}.Release|Mixed Platforms.Build.0 = Release|Any CPU
		{D5445516-9344-4C6F-9081-BD2F412FBC9B}.Release|x86.ActiveCfg = Release|Any CPU
		{BF085AFF-AE9B-46EA-9574-0A810A613697}.Debug|Any CPU.ActiveCfg = Debug|Any CPU
		{BF085AFF-AE9B-46EA-9574-0A810A613697}.Debug|Any CPU.Build.0 = Debug|Any CPU
		{BF085AFF-AE9B-46EA-9574-0A810A613697}.Debug|Mixed Platforms.ActiveCfg = Debug|Any CPU
		{BF085AFF-AE9B-46EA-9574-0A810A613697}.Debug|Mixed Platforms.Build.0 = Debug|Any CPU
		{BF085AFF-AE9B-46EA-9574-0A810A613697}.Debug|x86.ActiveCfg = Debug|Any CPU
		{BF085AFF-AE9B-46EA-9574-0A810A613697}.DebugLocal|Any CPU.ActiveCfg = Debug|Any CPU
		{BF085AFF-AE9B-46EA-9574-0A810A613697}.DebugLocal|Any CPU.Build.0 = Debug|Any CPU
		{BF085AFF-AE9B-46EA-9574-0A810A613697}.DebugLocal|Mixed Platforms.ActiveCfg = Debug|Any CPU
		{BF085AFF-AE9B-46EA-9574-0A810A613697}.DebugLocal|Mixed Platforms.Build.0 = Debug|Any CPU
		{BF085AFF-AE9B-46EA-9574-0A810A613697}.DebugLocal|x86.ActiveCfg = Debug|Any CPU
		{BF085AFF-AE9B-46EA-9574-0A810A613697}.Production|Any CPU.ActiveCfg = Release|Any CPU
		{BF085AFF-AE9B-46EA-9574-0A810A613697}.Production|Any CPU.Build.0 = Release|Any CPU
		{BF085AFF-AE9B-46EA-9574-0A810A613697}.Production|Mixed Platforms.ActiveCfg = Release|Any CPU
		{BF085AFF-AE9B-46EA-9574-0A810A613697}.Production|Mixed Platforms.Build.0 = Release|Any CPU
		{BF085AFF-AE9B-46EA-9574-0A810A613697}.Production|x86.ActiveCfg = Release|Any CPU
		{BF085AFF-AE9B-46EA-9574-0A810A613697}.Release|Any CPU.ActiveCfg = Release|Any CPU
		{BF085AFF-AE9B-46EA-9574-0A810A613697}.Release|Any CPU.Build.0 = Release|Any CPU
		{BF085AFF-AE9B-46EA-9574-0A810A613697}.Release|Mixed Platforms.ActiveCfg = Release|Any CPU
		{BF085AFF-AE9B-46EA-9574-0A810A613697}.Release|Mixed Platforms.Build.0 = Release|Any CPU
		{BF085AFF-AE9B-46EA-9574-0A810A613697}.Release|x86.ActiveCfg = Release|Any CPU
		{D3E84FEE-80FD-476B-B07F-65636094995D}.Debug|Any CPU.ActiveCfg = Debug|Any CPU
		{D3E84FEE-80FD-476B-B07F-65636094995D}.Debug|Any CPU.Build.0 = Debug|Any CPU
		{D3E84FEE-80FD-476B-B07F-65636094995D}.Debug|Mixed Platforms.ActiveCfg = Debug|Any CPU
		{D3E84FEE-80FD-476B-B07F-65636094995D}.Debug|Mixed Platforms.Build.0 = Debug|Any CPU
		{D3E84FEE-80FD-476B-B07F-65636094995D}.Debug|x86.ActiveCfg = Debug|Any CPU
		{D3E84FEE-80FD-476B-B07F-65636094995D}.DebugLocal|Any CPU.ActiveCfg = Debug|Any CPU
		{D3E84FEE-80FD-476B-B07F-65636094995D}.DebugLocal|Any CPU.Build.0 = Debug|Any CPU
		{D3E84FEE-80FD-476B-B07F-65636094995D}.DebugLocal|Mixed Platforms.ActiveCfg = Debug|Any CPU
		{D3E84FEE-80FD-476B-B07F-65636094995D}.DebugLocal|Mixed Platforms.Build.0 = Debug|Any CPU
		{D3E84FEE-80FD-476B-B07F-65636094995D}.DebugLocal|x86.ActiveCfg = Debug|Any CPU
		{D3E84FEE-80FD-476B-B07F-65636094995D}.Production|Any CPU.ActiveCfg = Release|Any CPU
		{D3E84FEE-80FD-476B-B07F-65636094995D}.Production|Any CPU.Build.0 = Release|Any CPU
		{D3E84FEE-80FD-476B-B07F-65636094995D}.Production|Mixed Platforms.ActiveCfg = Release|Any CPU
		{D3E84FEE-80FD-476B-B07F-65636094995D}.Production|Mixed Platforms.Build.0 = Release|Any CPU
		{D3E84FEE-80FD-476B-B07F-65636094995D}.Production|x86.ActiveCfg = Release|Any CPU
		{D3E84FEE-80FD-476B-B07F-65636094995D}.Release|Any CPU.ActiveCfg = Release|Any CPU
		{D3E84FEE-80FD-476B-B07F-65636094995D}.Release|Any CPU.Build.0 = Release|Any CPU
		{D3E84FEE-80FD-476B-B07F-65636094995D}.Release|Mixed Platforms.ActiveCfg = Release|Any CPU
		{D3E84FEE-80FD-476B-B07F-65636094995D}.Release|Mixed Platforms.Build.0 = Release|Any CPU
		{D3E84FEE-80FD-476B-B07F-65636094995D}.Release|x86.ActiveCfg = Release|Any CPU
		{858694AA-C5A5-44AF-A983-2A24EC176028}.Debug|Any CPU.ActiveCfg = Debug|Any CPU
		{858694AA-C5A5-44AF-A983-2A24EC176028}.Debug|Any CPU.Build.0 = Debug|Any CPU
		{858694AA-C5A5-44AF-A983-2A24EC176028}.Debug|Mixed Platforms.ActiveCfg = Debug|Any CPU
		{858694AA-C5A5-44AF-A983-2A24EC176028}.Debug|Mixed Platforms.Build.0 = Debug|Any CPU
		{858694AA-C5A5-44AF-A983-2A24EC176028}.Debug|x86.ActiveCfg = Debug|Any CPU
		{858694AA-C5A5-44AF-A983-2A24EC176028}.DebugLocal|Any CPU.ActiveCfg = Debug|Any CPU
		{858694AA-C5A5-44AF-A983-2A24EC176028}.DebugLocal|Any CPU.Build.0 = Debug|Any CPU
		{858694AA-C5A5-44AF-A983-2A24EC176028}.DebugLocal|Mixed Platforms.ActiveCfg = Debug|Any CPU
		{858694AA-C5A5-44AF-A983-2A24EC176028}.DebugLocal|Mixed Platforms.Build.0 = Debug|Any CPU
		{858694AA-C5A5-44AF-A983-2A24EC176028}.DebugLocal|x86.ActiveCfg = Debug|Any CPU
		{858694AA-C5A5-44AF-A983-2A24EC176028}.Production|Any CPU.ActiveCfg = Release|Any CPU
		{858694AA-C5A5-44AF-A983-2A24EC176028}.Production|Any CPU.Build.0 = Release|Any CPU
		{858694AA-C5A5-44AF-A983-2A24EC176028}.Production|Mixed Platforms.ActiveCfg = Release|Any CPU
		{858694AA-C5A5-44AF-A983-2A24EC176028}.Production|Mixed Platforms.Build.0 = Release|Any CPU
		{858694AA-C5A5-44AF-A983-2A24EC176028}.Production|x86.ActiveCfg = Release|Any CPU
		{858694AA-C5A5-44AF-A983-2A24EC176028}.Release|Any CPU.ActiveCfg = Release|Any CPU
		{858694AA-C5A5-44AF-A983-2A24EC176028}.Release|Any CPU.Build.0 = Release|Any CPU
		{858694AA-C5A5-44AF-A983-2A24EC176028}.Release|Mixed Platforms.ActiveCfg = Release|Any CPU
		{858694AA-C5A5-44AF-A983-2A24EC176028}.Release|Mixed Platforms.Build.0 = Release|Any CPU
		{858694AA-C5A5-44AF-A983-2A24EC176028}.Release|x86.ActiveCfg = Release|Any CPU
		{2E694997-05B7-48C1-927F-98D7436017AA}.Debug|Any CPU.ActiveCfg = Debug|Any CPU
		{2E694997-05B7-48C1-927F-98D7436017AA}.Debug|Any CPU.Build.0 = Debug|Any CPU
		{2E694997-05B7-48C1-927F-98D7436017AA}.Debug|Mixed Platforms.ActiveCfg = Debug|Any CPU
		{2E694997-05B7-48C1-927F-98D7436017AA}.Debug|Mixed Platforms.Build.0 = Debug|Any CPU
		{2E694997-05B7-48C1-927F-98D7436017AA}.Debug|x86.ActiveCfg = Debug|Any CPU
		{2E694997-05B7-48C1-927F-98D7436017AA}.DebugLocal|Any CPU.ActiveCfg = Debug|Any CPU
		{2E694997-05B7-48C1-927F-98D7436017AA}.DebugLocal|Any CPU.Build.0 = Debug|Any CPU
		{2E694997-05B7-48C1-927F-98D7436017AA}.DebugLocal|Mixed Platforms.ActiveCfg = Debug|Any CPU
		{2E694997-05B7-48C1-927F-98D7436017AA}.DebugLocal|Mixed Platforms.Build.0 = Debug|Any CPU
		{2E694997-05B7-48C1-927F-98D7436017AA}.DebugLocal|x86.ActiveCfg = Debug|Any CPU
		{2E694997-05B7-48C1-927F-98D7436017AA}.Production|Any CPU.ActiveCfg = Release|Any CPU
		{2E694997-05B7-48C1-927F-98D7436017AA}.Production|Any CPU.Build.0 = Release|Any CPU
		{2E694997-05B7-48C1-927F-98D7436017AA}.Production|Mixed Platforms.ActiveCfg = Release|Any CPU
		{2E694997-05B7-48C1-927F-98D7436017AA}.Production|Mixed Platforms.Build.0 = Release|Any CPU
		{2E694997-05B7-48C1-927F-98D7436017AA}.Production|x86.ActiveCfg = Release|Any CPU
		{2E694997-05B7-48C1-927F-98D7436017AA}.Release|Any CPU.ActiveCfg = Release|Any CPU
		{2E694997-05B7-48C1-927F-98D7436017AA}.Release|Any CPU.Build.0 = Release|Any CPU
		{2E694997-05B7-48C1-927F-98D7436017AA}.Release|Mixed Platforms.ActiveCfg = Release|Any CPU
		{2E694997-05B7-48C1-927F-98D7436017AA}.Release|Mixed Platforms.Build.0 = Release|Any CPU
		{2E694997-05B7-48C1-927F-98D7436017AA}.Release|x86.ActiveCfg = Release|Any CPU
		{D7D54382-FE80-4EDF-8A9D-2FBAC1CF2071}.Debug|Any CPU.ActiveCfg = Debug
		{D7D54382-FE80-4EDF-8A9D-2FBAC1CF2071}.Debug|Any CPU.Build.0 = Debug
		{D7D54382-FE80-4EDF-8A9D-2FBAC1CF2071}.Debug|Any CPU.Deploy.0 = Debug
		{D7D54382-FE80-4EDF-8A9D-2FBAC1CF2071}.Debug|Mixed Platforms.ActiveCfg = Debug
		{D7D54382-FE80-4EDF-8A9D-2FBAC1CF2071}.Debug|Mixed Platforms.Build.0 = Debug
		{D7D54382-FE80-4EDF-8A9D-2FBAC1CF2071}.Debug|Mixed Platforms.Deploy.0 = Debug
		{D7D54382-FE80-4EDF-8A9D-2FBAC1CF2071}.Debug|x86.ActiveCfg = Debug
		{D7D54382-FE80-4EDF-8A9D-2FBAC1CF2071}.Debug|x86.Build.0 = Debug
		{D7D54382-FE80-4EDF-8A9D-2FBAC1CF2071}.Debug|x86.Deploy.0 = Debug
		{D7D54382-FE80-4EDF-8A9D-2FBAC1CF2071}.DebugLocal|Any CPU.ActiveCfg = DebugLocal
		{D7D54382-FE80-4EDF-8A9D-2FBAC1CF2071}.DebugLocal|Any CPU.Build.0 = DebugLocal
		{D7D54382-FE80-4EDF-8A9D-2FBAC1CF2071}.DebugLocal|Any CPU.Deploy.0 = DebugLocal
		{D7D54382-FE80-4EDF-8A9D-2FBAC1CF2071}.DebugLocal|Mixed Platforms.ActiveCfg = DebugLocal
		{D7D54382-FE80-4EDF-8A9D-2FBAC1CF2071}.DebugLocal|Mixed Platforms.Build.0 = DebugLocal
		{D7D54382-FE80-4EDF-8A9D-2FBAC1CF2071}.DebugLocal|Mixed Platforms.Deploy.0 = DebugLocal
		{D7D54382-FE80-4EDF-8A9D-2FBAC1CF2071}.DebugLocal|x86.ActiveCfg = DebugLocal
		{D7D54382-FE80-4EDF-8A9D-2FBAC1CF2071}.DebugLocal|x86.Build.0 = DebugLocal
		{D7D54382-FE80-4EDF-8A9D-2FBAC1CF2071}.DebugLocal|x86.Deploy.0 = DebugLocal
		{D7D54382-FE80-4EDF-8A9D-2FBAC1CF2071}.Production|Any CPU.ActiveCfg = Release
		{D7D54382-FE80-4EDF-8A9D-2FBAC1CF2071}.Production|Any CPU.Build.0 = Release
		{D7D54382-FE80-4EDF-8A9D-2FBAC1CF2071}.Production|Any CPU.Deploy.0 = Release
		{D7D54382-FE80-4EDF-8A9D-2FBAC1CF2071}.Production|Mixed Platforms.ActiveCfg = Release
		{D7D54382-FE80-4EDF-8A9D-2FBAC1CF2071}.Production|Mixed Platforms.Build.0 = Release
		{D7D54382-FE80-4EDF-8A9D-2FBAC1CF2071}.Production|Mixed Platforms.Deploy.0 = Release
		{D7D54382-FE80-4EDF-8A9D-2FBAC1CF2071}.Production|x86.ActiveCfg = Release
		{D7D54382-FE80-4EDF-8A9D-2FBAC1CF2071}.Production|x86.Build.0 = Release
		{D7D54382-FE80-4EDF-8A9D-2FBAC1CF2071}.Production|x86.Deploy.0 = Release
		{D7D54382-FE80-4EDF-8A9D-2FBAC1CF2071}.Release|Any CPU.ActiveCfg = Release
		{D7D54382-FE80-4EDF-8A9D-2FBAC1CF2071}.Release|Any CPU.Build.0 = Release
		{D7D54382-FE80-4EDF-8A9D-2FBAC1CF2071}.Release|Any CPU.Deploy.0 = Release
		{D7D54382-FE80-4EDF-8A9D-2FBAC1CF2071}.Release|Mixed Platforms.ActiveCfg = Release
		{D7D54382-FE80-4EDF-8A9D-2FBAC1CF2071}.Release|Mixed Platforms.Build.0 = Release
		{D7D54382-FE80-4EDF-8A9D-2FBAC1CF2071}.Release|Mixed Platforms.Deploy.0 = Release
		{D7D54382-FE80-4EDF-8A9D-2FBAC1CF2071}.Release|x86.ActiveCfg = Release
		{D7D54382-FE80-4EDF-8A9D-2FBAC1CF2071}.Release|x86.Build.0 = Release
		{D7D54382-FE80-4EDF-8A9D-2FBAC1CF2071}.Release|x86.Deploy.0 = Release
		{5AF1B5F1-FBE2-454A-B4F6-6ED1E123E9E2}.Debug|Any CPU.ActiveCfg = Debug|Any CPU
		{5AF1B5F1-FBE2-454A-B4F6-6ED1E123E9E2}.Debug|Any CPU.Build.0 = Debug|Any CPU
		{5AF1B5F1-FBE2-454A-B4F6-6ED1E123E9E2}.Debug|Mixed Platforms.ActiveCfg = Debug|Any CPU
		{5AF1B5F1-FBE2-454A-B4F6-6ED1E123E9E2}.Debug|Mixed Platforms.Build.0 = Debug|Any CPU
		{5AF1B5F1-FBE2-454A-B4F6-6ED1E123E9E2}.Debug|x86.ActiveCfg = Debug|Any CPU
		{5AF1B5F1-FBE2-454A-B4F6-6ED1E123E9E2}.DebugLocal|Any CPU.ActiveCfg = Debug|Any CPU
		{5AF1B5F1-FBE2-454A-B4F6-6ED1E123E9E2}.DebugLocal|Any CPU.Build.0 = Debug|Any CPU
		{5AF1B5F1-FBE2-454A-B4F6-6ED1E123E9E2}.DebugLocal|Mixed Platforms.ActiveCfg = Debug|Any CPU
		{5AF1B5F1-FBE2-454A-B4F6-6ED1E123E9E2}.DebugLocal|Mixed Platforms.Build.0 = Debug|Any CPU
		{5AF1B5F1-FBE2-454A-B4F6-6ED1E123E9E2}.DebugLocal|x86.ActiveCfg = Debug|Any CPU
		{5AF1B5F1-FBE2-454A-B4F6-6ED1E123E9E2}.Production|Any CPU.ActiveCfg = Release|Any CPU
		{5AF1B5F1-FBE2-454A-B4F6-6ED1E123E9E2}.Production|Any CPU.Build.0 = Release|Any CPU
		{5AF1B5F1-FBE2-454A-B4F6-6ED1E123E9E2}.Production|Mixed Platforms.ActiveCfg = Release|Any CPU
		{5AF1B5F1-FBE2-454A-B4F6-6ED1E123E9E2}.Production|Mixed Platforms.Build.0 = Release|Any CPU
		{5AF1B5F1-FBE2-454A-B4F6-6ED1E123E9E2}.Production|x86.ActiveCfg = Release|Any CPU
		{5AF1B5F1-FBE2-454A-B4F6-6ED1E123E9E2}.Release|Any CPU.ActiveCfg = Release|Any CPU
		{5AF1B5F1-FBE2-454A-B4F6-6ED1E123E9E2}.Release|Any CPU.Build.0 = Release|Any CPU
		{5AF1B5F1-FBE2-454A-B4F6-6ED1E123E9E2}.Release|Mixed Platforms.ActiveCfg = Release|Any CPU
		{5AF1B5F1-FBE2-454A-B4F6-6ED1E123E9E2}.Release|Mixed Platforms.Build.0 = Release|Any CPU
		{5AF1B5F1-FBE2-454A-B4F6-6ED1E123E9E2}.Release|x86.ActiveCfg = Release|Any CPU
		{6F43C4EA-B4F6-4A20-8B25-649A822237F4}.Debug|Any CPU.ActiveCfg = Debug|Any CPU
		{6F43C4EA-B4F6-4A20-8B25-649A822237F4}.Debug|Any CPU.Build.0 = Debug|Any CPU
		{6F43C4EA-B4F6-4A20-8B25-649A822237F4}.Debug|Mixed Platforms.ActiveCfg = Debug|Any CPU
		{6F43C4EA-B4F6-4A20-8B25-649A822237F4}.Debug|Mixed Platforms.Build.0 = Debug|Any CPU
		{6F43C4EA-B4F6-4A20-8B25-649A822237F4}.Debug|x86.ActiveCfg = Debug|Any CPU
		{6F43C4EA-B4F6-4A20-8B25-649A822237F4}.DebugLocal|Any CPU.ActiveCfg = Debug|Any CPU
		{6F43C4EA-B4F6-4A20-8B25-649A822237F4}.DebugLocal|Any CPU.Build.0 = Debug|Any CPU
		{6F43C4EA-B4F6-4A20-8B25-649A822237F4}.DebugLocal|Mixed Platforms.ActiveCfg = Debug|Any CPU
		{6F43C4EA-B4F6-4A20-8B25-649A822237F4}.DebugLocal|Mixed Platforms.Build.0 = Debug|Any CPU
		{6F43C4EA-B4F6-4A20-8B25-649A822237F4}.DebugLocal|x86.ActiveCfg = Debug|Any CPU
		{6F43C4EA-B4F6-4A20-8B25-649A822237F4}.Production|Any CPU.ActiveCfg = Release|Any CPU
		{6F43C4EA-B4F6-4A20-8B25-649A822237F4}.Production|Any CPU.Build.0 = Release|Any CPU
		{6F43C4EA-B4F6-4A20-8B25-649A822237F4}.Production|Mixed Platforms.ActiveCfg = Release|Any CPU
		{6F43C4EA-B4F6-4A20-8B25-649A822237F4}.Production|Mixed Platforms.Build.0 = Release|Any CPU
		{6F43C4EA-B4F6-4A20-8B25-649A822237F4}.Production|x86.ActiveCfg = Release|Any CPU
		{6F43C4EA-B4F6-4A20-8B25-649A822237F4}.Release|Any CPU.ActiveCfg = Release|Any CPU
		{6F43C4EA-B4F6-4A20-8B25-649A822237F4}.Release|Any CPU.Build.0 = Release|Any CPU
		{6F43C4EA-B4F6-4A20-8B25-649A822237F4}.Release|Mixed Platforms.ActiveCfg = Release|Any CPU
		{6F43C4EA-B4F6-4A20-8B25-649A822237F4}.Release|Mixed Platforms.Build.0 = Release|Any CPU
		{6F43C4EA-B4F6-4A20-8B25-649A822237F4}.Release|x86.ActiveCfg = Release|Any CPU
		{EFCD55C6-35DB-4FD1-BA71-A84212AACA36}.Debug|Any CPU.ActiveCfg = Debug|Any CPU
		{EFCD55C6-35DB-4FD1-BA71-A84212AACA36}.Debug|Any CPU.Build.0 = Debug|Any CPU
		{EFCD55C6-35DB-4FD1-BA71-A84212AACA36}.Debug|Mixed Platforms.ActiveCfg = Debug|Any CPU
		{EFCD55C6-35DB-4FD1-BA71-A84212AACA36}.Debug|Mixed Platforms.Build.0 = Debug|Any CPU
		{EFCD55C6-35DB-4FD1-BA71-A84212AACA36}.Debug|x86.ActiveCfg = Debug|Any CPU
		{EFCD55C6-35DB-4FD1-BA71-A84212AACA36}.DebugLocal|Any CPU.ActiveCfg = Debug|Any CPU
		{EFCD55C6-35DB-4FD1-BA71-A84212AACA36}.DebugLocal|Any CPU.Build.0 = Debug|Any CPU
		{EFCD55C6-35DB-4FD1-BA71-A84212AACA36}.DebugLocal|Mixed Platforms.ActiveCfg = Debug|Any CPU
		{EFCD55C6-35DB-4FD1-BA71-A84212AACA36}.DebugLocal|Mixed Platforms.Build.0 = Debug|Any CPU
		{EFCD55C6-35DB-4FD1-BA71-A84212AACA36}.DebugLocal|x86.ActiveCfg = Debug|Any CPU
		{EFCD55C6-35DB-4FD1-BA71-A84212AACA36}.Production|Any CPU.ActiveCfg = Release|Any CPU
		{EFCD55C6-35DB-4FD1-BA71-A84212AACA36}.Production|Any CPU.Build.0 = Release|Any CPU
		{EFCD55C6-35DB-4FD1-BA71-A84212AACA36}.Production|Mixed Platforms.ActiveCfg = Release|Any CPU
		{EFCD55C6-35DB-4FD1-BA71-A84212AACA36}.Production|Mixed Platforms.Build.0 = Release|Any CPU
		{EFCD55C6-35DB-4FD1-BA71-A84212AACA36}.Production|x86.ActiveCfg = Release|Any CPU
		{EFCD55C6-35DB-4FD1-BA71-A84212AACA36}.Release|Any CPU.ActiveCfg = Release|Any CPU
		{EFCD55C6-35DB-4FD1-BA71-A84212AACA36}.Release|Any CPU.Build.0 = Release|Any CPU
		{EFCD55C6-35DB-4FD1-BA71-A84212AACA36}.Release|Mixed Platforms.ActiveCfg = Release|Any CPU
		{EFCD55C6-35DB-4FD1-BA71-A84212AACA36}.Release|Mixed Platforms.Build.0 = Release|Any CPU
		{EFCD55C6-35DB-4FD1-BA71-A84212AACA36}.Release|x86.ActiveCfg = Release|Any CPU
		{84C88F58-9294-4248-9CF7-0E95888637C7}.Debug|Any CPU.ActiveCfg = Debug|Any CPU
		{84C88F58-9294-4248-9CF7-0E95888637C7}.Debug|Any CPU.Build.0 = Debug|Any CPU
		{84C88F58-9294-4248-9CF7-0E95888637C7}.Debug|Mixed Platforms.ActiveCfg = Debug|Any CPU
		{84C88F58-9294-4248-9CF7-0E95888637C7}.Debug|Mixed Platforms.Build.0 = Debug|Any CPU
		{84C88F58-9294-4248-9CF7-0E95888637C7}.Debug|x86.ActiveCfg = Debug|Any CPU
		{84C88F58-9294-4248-9CF7-0E95888637C7}.DebugLocal|Any CPU.ActiveCfg = Debug|Any CPU
		{84C88F58-9294-4248-9CF7-0E95888637C7}.DebugLocal|Any CPU.Build.0 = Debug|Any CPU
		{84C88F58-9294-4248-9CF7-0E95888637C7}.DebugLocal|Mixed Platforms.ActiveCfg = Debug|Any CPU
		{84C88F58-9294-4248-9CF7-0E95888637C7}.DebugLocal|Mixed Platforms.Build.0 = Debug|Any CPU
		{84C88F58-9294-4248-9CF7-0E95888637C7}.DebugLocal|x86.ActiveCfg = Debug|Any CPU
		{84C88F58-9294-4248-9CF7-0E95888637C7}.Production|Any CPU.ActiveCfg = Release|Any CPU
		{84C88F58-9294-4248-9CF7-0E95888637C7}.Production|Any CPU.Build.0 = Release|Any CPU
		{84C88F58-9294-4248-9CF7-0E95888637C7}.Production|Mixed Platforms.ActiveCfg = Release|Any CPU
		{84C88F58-9294-4248-9CF7-0E95888637C7}.Production|Mixed Platforms.Build.0 = Release|Any CPU
		{84C88F58-9294-4248-9CF7-0E95888637C7}.Production|x86.ActiveCfg = Release|Any CPU
		{84C88F58-9294-4248-9CF7-0E95888637C7}.Release|Any CPU.ActiveCfg = Release|Any CPU
		{84C88F58-9294-4248-9CF7-0E95888637C7}.Release|Any CPU.Build.0 = Release|Any CPU
		{84C88F58-9294-4248-9CF7-0E95888637C7}.Release|Mixed Platforms.ActiveCfg = Release|Any CPU
		{84C88F58-9294-4248-9CF7-0E95888637C7}.Release|Mixed Platforms.Build.0 = Release|Any CPU
		{84C88F58-9294-4248-9CF7-0E95888637C7}.Release|x86.ActiveCfg = Release|Any CPU
		{7559B3F1-F932-4614-984D-1D26CBA1AE7B}.Debug|Any CPU.ActiveCfg = Debug|Any CPU
		{7559B3F1-F932-4614-984D-1D26CBA1AE7B}.Debug|Any CPU.Build.0 = Debug|Any CPU
		{7559B3F1-F932-4614-984D-1D26CBA1AE7B}.Debug|Mixed Platforms.ActiveCfg = Debug|Any CPU
		{7559B3F1-F932-4614-984D-1D26CBA1AE7B}.Debug|Mixed Platforms.Build.0 = Debug|Any CPU
		{7559B3F1-F932-4614-984D-1D26CBA1AE7B}.Debug|x86.ActiveCfg = Debug|Any CPU
		{7559B3F1-F932-4614-984D-1D26CBA1AE7B}.DebugLocal|Any CPU.ActiveCfg = Debug|Any CPU
		{7559B3F1-F932-4614-984D-1D26CBA1AE7B}.DebugLocal|Any CPU.Build.0 = Debug|Any CPU
		{7559B3F1-F932-4614-984D-1D26CBA1AE7B}.DebugLocal|Mixed Platforms.ActiveCfg = Debug|Any CPU
		{7559B3F1-F932-4614-984D-1D26CBA1AE7B}.DebugLocal|Mixed Platforms.Build.0 = Debug|Any CPU
		{7559B3F1-F932-4614-984D-1D26CBA1AE7B}.DebugLocal|x86.ActiveCfg = Debug|Any CPU
		{7559B3F1-F932-4614-984D-1D26CBA1AE7B}.Production|Any CPU.ActiveCfg = Release|Any CPU
		{7559B3F1-F932-4614-984D-1D26CBA1AE7B}.Production|Any CPU.Build.0 = Release|Any CPU
		{7559B3F1-F932-4614-984D-1D26CBA1AE7B}.Production|Mixed Platforms.ActiveCfg = Release|Any CPU
		{7559B3F1-F932-4614-984D-1D26CBA1AE7B}.Production|Mixed Platforms.Build.0 = Release|Any CPU
		{7559B3F1-F932-4614-984D-1D26CBA1AE7B}.Production|x86.ActiveCfg = Release|Any CPU
		{7559B3F1-F932-4614-984D-1D26CBA1AE7B}.Release|Any CPU.ActiveCfg = Release|Any CPU
		{7559B3F1-F932-4614-984D-1D26CBA1AE7B}.Release|Any CPU.Build.0 = Release|Any CPU
		{7559B3F1-F932-4614-984D-1D26CBA1AE7B}.Release|Mixed Platforms.ActiveCfg = Release|Any CPU
		{7559B3F1-F932-4614-984D-1D26CBA1AE7B}.Release|Mixed Platforms.Build.0 = Release|Any CPU
		{7559B3F1-F932-4614-984D-1D26CBA1AE7B}.Release|x86.ActiveCfg = Release|Any CPU
	EndGlobalSection
	GlobalSection(SolutionProperties) = preSolution
		HideSolutionNode = FALSE
	EndGlobalSection
	GlobalSection(NestedProjects) = preSolution
		{B22DF301-044C-45C6-90F7-C3ED6914FB3B} = {72D5B0BB-1A09-405A-8D88-6D8F8D846F88}
		{4844724E-3F2A-4FC9-BBFC-0C7447D3ED7F} = {72D5B0BB-1A09-405A-8D88-6D8F8D846F88}
		{3D1C2CE5-CB4A-447E-85D4-700B76B0D455} = {72D5B0BB-1A09-405A-8D88-6D8F8D846F88}
		{686F30B7-608B-4E9E-8354-68EC54CD52F3} = {55DC8F2F-63E5-445A-BE8F-A743315E704E}
		{BF085AFF-AE9B-46EA-9574-0A810A613697} = {55DC8F2F-63E5-445A-BE8F-A743315E704E}
		{195F5FF3-97AE-4451-8326-C40EB71F8566} = {28DA2EC4-029D-413B-9EFD-0200B03088B8}
		{6F43C4EA-B4F6-4A20-8B25-649A822237F4} = {28DA2EC4-029D-413B-9EFD-0200B03088B8}
		{7559B3F1-F932-4614-984D-1D26CBA1AE7B} = {28DA2EC4-029D-413B-9EFD-0200B03088B8}
		{3C00CB7D-B4E4-4F09-AA6D-CE68662D19AD} = {B22DF301-044C-45C6-90F7-C3ED6914FB3B}
		{D5445516-9344-4C6F-9081-BD2F412FBC9B} = {B22DF301-044C-45C6-90F7-C3ED6914FB3B}
		{9106E91F-5552-488A-BDD7-FDC772FBDB09} = {87D09EC0-B130-425C-BA23-CC0464DD8EA3}
		{2CEB2E6E-83B9-4E12-8995-6B58A7607F87} = {4844724E-3F2A-4FC9-BBFC-0C7447D3ED7F}
		{D7D54382-FE80-4EDF-8A9D-2FBAC1CF2071} = {9106E91F-5552-488A-BDD7-FDC772FBDB09}
		{2EE39BDA-144D-496C-9737-ACD1B56BC4CA} = {9106E91F-5552-488A-BDD7-FDC772FBDB09}
		{84C88F58-9294-4248-9CF7-0E95888637C7} = {3D1C2CE5-CB4A-447E-85D4-700B76B0D455}
		{D3E84FEE-80FD-476B-B07F-65636094995D} = {3D1C2CE5-CB4A-447E-85D4-700B76B0D455}
		{EFCD55C6-35DB-4FD1-BA71-A84212AACA36} = {C1F5E8A9-7752-452D-9033-4A5807F0FD7E}
		{858694AA-C5A5-44AF-A983-2A24EC176028} = {C1F5E8A9-7752-452D-9033-4A5807F0FD7E}
		{2E694997-05B7-48C1-927F-98D7436017AA} = {1ADC2F9E-B88B-42CC-BCC0-CA4A49B171BB}
		{8DB59569-CAEF-4015-89A9-EABDC15226DB} = {A2649669-0304-4A49-BA4C-DCB1F28C466E}
		{1ADC2F9E-B88B-42CC-BCC0-CA4A49B171BB} = {A2649669-0304-4A49-BA4C-DCB1F28C466E}
		{5AF1B5F1-FBE2-454A-B4F6-6ED1E123E9E2} = {8DB59569-CAEF-4015-89A9-EABDC15226DB}
	EndGlobalSection
EndGlobal
